
Microsoft Visual Studio Solution File, Format Version 12.00
# Visual Studio 15
VisualStudioVersion = 15.0.27428.2037
MinimumVisualStudioVersion = 10.0.40219.1
Project("{FAE04EC0-301F-11D3-BF4B-00C04F79EFBC}") = "Chat Room Application", "Chat Room Application\Chat Room Application.csproj", "{FB4909C3-29FC-4B77-A599-D677402E736D}"
EndProject
Global
	GlobalSection(SolutionConfigurationPlatforms) = preSolution
		Debug|Any CPU = Debug|Any CPU
		Release|Any CPU = Release|Any CPU
	EndGlobalSection
	GlobalSection(ProjectConfigurationPlatforms) = postSolution
		{FB4909C3-29FC-4B77-A599-D677402E736D}.Debug|Any CPU.ActiveCfg = Debug|Any CPU
		{FB4909C3-29FC-4B77-A599-D677402E736D}.Debug|Any CPU.Build.0 = Debug|Any CPU
		{FB4909C3-29FC-4B77-A599-D677402E736D}.Release|Any CPU.ActiveCfg = Release|Any CPU
		{FB4909C3-29FC-4B77-A599-D677402E736D}.Release|Any CPU.Build.0 = Release|Any CPU
	EndGlobalSection
	GlobalSection(SolutionProperties) = preSolution
		HideSolutionNode = FALSE
	EndGlobalSection
	GlobalSection(ExtensibilityGlobals) = postSolution
		SolutionGuid = {388869F2-7524-46E7-AACA-BC053147F0AB}
	EndGlobalSection
EndGlobal
